
Microsoft Visual Studio Solution File, Format Version 12.00
# Visual Studio Version 17
VisualStudioVersion = 17.11.35222.181
MinimumVisualStudioVersion = 10.0.40219.1
Project("{9A19103F-16F7-4668-BE54-9A1E7A4F7556}") = "API.Web", "API.Web\API.Web.csproj", "{D3FA1860-78E1-42EE-B107-5DE19A2C9B0B}"
EndProject
Project("{9A19103F-16F7-4668-BE54-9A1E7A4F7556}") = "API.Domain", "API.Domain\API.Domain.csproj", "{E6383EF4-60BF-4ADF-88CE-C22CB4C094C4}"
EndProject
Project("{9A19103F-16F7-4668-BE54-9A1E7A4F7556}") = "API.DTO", "API.DTO\API.DTO.csproj", "{3A73603D-CA8C-49DF-8C7F-8B0602FD8659}"
EndProject
Global
	GlobalSection(SolutionConfigurationPlatforms) = preSolution
		Debug|Any CPU = Debug|Any CPU
		Release|Any CPU = Release|Any CPU
	EndGlobalSection
	GlobalSection(ProjectConfigurationPlatforms) = postSolution
		{D3FA1860-78E1-42EE-B107-5DE19A2C9B0B}.Debug|Any CPU.ActiveCfg = Debug|Any CPU
		{D3FA1860-78E1-42EE-B107-5DE19A2C9B0B}.Debug|Any CPU.Build.0 = Debug|Any CPU
		{D3FA1860-78E1-42EE-B107-5DE19A2C9B0B}.Release|Any CPU.ActiveCfg = Release|Any CPU
		{D3FA1860-78E1-42EE-B107-5DE19A2C9B0B}.Release|Any CPU.Build.0 = Release|Any CPU
		{E6383EF4-60BF-4ADF-88CE-C22CB4C094C4}.Debug|Any CPU.ActiveCfg = Debug|Any CPU
		{E6383EF4-60BF-4ADF-88CE-C22CB4C094C4}.Debug|Any CPU.Build.0 = Debug|Any CPU
		{E6383EF4-60BF-4ADF-88CE-C22CB4C094C4}.Release|Any CPU.ActiveCfg = Release|Any CPU
		{E6383EF4-60BF-4ADF-88CE-C22CB4C094C4}.Release|Any CPU.Build.0 = Release|Any CPU
		{3A73603D-CA8C-49DF-8C7F-8B0602FD8659}.Debug|Any CPU.ActiveCfg = Debug|Any CPU
		{3A73603D-CA8C-49DF-8C7F-8B0602FD8659}.Debug|Any CPU.Build.0 = Debug|Any CPU
		{3A73603D-CA8C-49DF-8C7F-8B0602FD8659}.Release|Any CPU.ActiveCfg = Release|Any CPU
		{3A73603D-CA8C-49DF-8C7F-8B0602FD8659}.Release|Any CPU.Build.0 = Release|Any CPU
	EndGlobalSection
	GlobalSection(SolutionProperties) = preSolution
		HideSolutionNode = FALSE
	EndGlobalSection
	GlobalSection(ExtensibilityGlobals) = postSolution
		SolutionGuid = {C378E8FF-DA98-4CE8-B088-6D32DD8D3BCA}
	EndGlobalSection
EndGlobal
